
Microsoft Visual Studio Solution File, Format Version 12.00
# Visual Studio Version 16
VisualStudioVersion = 16.0.30114.105
MinimumVisualStudioVersion = 10.0.40219.1
Project("{9A19103F-16F7-4668-BE54-9A1E7A4F7556}") = "Chess", "Chess\Chess.csproj", "{02C2ED3E-19D2-482E-9AD9-0F78E320CC96}"
EndProject
Project("{9A19103F-16F7-4668-BE54-9A1E7A4F7556}") = "ChessWithClasses", "ChessWithClasses\ChessWithClasses.csproj", "{7FE07BA0-8BA3-47D2-B20E-0E63B822DE72}"
EndProject
Project("{9A19103F-16F7-4668-BE54-9A1E7A4F7556}") = "ChessWithDelegates", "ChessWithDelegates\ChessWithDelegates.csproj", "{BEBCF462-7315-4ED7-9F04-7F901FCCE65C}"
EndProject
Global
	GlobalSection(SolutionConfigurationPlatforms) = preSolution
		Debug|Any CPU = Debug|Any CPU
		Release|Any CPU = Release|Any CPU
	EndGlobalSection
	GlobalSection(ProjectConfigurationPlatforms) = postSolution
		{02C2ED3E-19D2-482E-9AD9-0F78E320CC96}.Debug|Any CPU.ActiveCfg = Debug|Any CPU
		{02C2ED3E-19D2-482E-9AD9-0F78E320CC96}.Debug|Any CPU.Build.0 = Debug|Any CPU
		{02C2ED3E-19D2-482E-9AD9-0F78E320CC96}.Release|Any CPU.ActiveCfg = Release|Any CPU
		{02C2ED3E-19D2-482E-9AD9-0F78E320CC96}.Release|Any CPU.Build.0 = Release|Any CPU
		{7FE07BA0-8BA3-47D2-B20E-0E63B822DE72}.Debug|Any CPU.ActiveCfg = Debug|Any CPU
		{7FE07BA0-8BA3-47D2-B20E-0E63B822DE72}.Debug|Any CPU.Build.0 = Debug|Any CPU
		{7FE07BA0-8BA3-47D2-B20E-0E63B822DE72}.Release|Any CPU.ActiveCfg = Release|Any CPU
		{7FE07BA0-8BA3-47D2-B20E-0E63B822DE72}.Release|Any CPU.Build.0 = Release|Any CPU
		{BEBCF462-7315-4ED7-9F04-7F901FCCE65C}.Debug|Any CPU.ActiveCfg = Debug|Any CPU
		{BEBCF462-7315-4ED7-9F04-7F901FCCE65C}.Debug|Any CPU.Build.0 = Debug|Any CPU
		{BEBCF462-7315-4ED7-9F04-7F901FCCE65C}.Release|Any CPU.ActiveCfg = Release|Any CPU
		{BEBCF462-7315-4ED7-9F04-7F901FCCE65C}.Release|Any CPU.Build.0 = Release|Any CPU
	EndGlobalSection
	GlobalSection(SolutionProperties) = preSolution
		HideSolutionNode = FALSE
	EndGlobalSection
	GlobalSection(ExtensibilityGlobals) = postSolution
		SolutionGuid = {76EB458E-309C-4C03-90D6-33BB26351C7D}
	EndGlobalSection
EndGlobal
